
Microsoft Visual Studio Solution File, Format Version 12.00
# Visual Studio Version 17
VisualStudioVersion = 17.7.34221.43
MinimumVisualStudioVersion = 10.0.40219.1
Project("{FAE04EC0-301F-11D3-BF4B-00C04F79EFBC}") = "ÜrünYönetimSistemi", "ÜrünYönetimSistemi.csproj", "{16FBA06C-E7D1-400A-85BE-16E697F5B98A}"
EndProject
Global
	GlobalSection(SolutionConfigurationPlatforms) = preSolution
		Debug|Any CPU = Debug|Any CPU
		Release|Any CPU = Release|Any CPU
	EndGlobalSection
	GlobalSection(ProjectConfigurationPlatforms) = postSolution
		{16FBA06C-E7D1-400A-85BE-16E697F5B98A}.Debug|Any CPU.ActiveCfg = Debug|Any CPU
		{16FBA06C-E7D1-400A-85BE-16E697F5B98A}.Debug|Any CPU.Build.0 = Debug|Any CPU
		{16FBA06C-E7D1-400A-85BE-16E697F5B98A}.Release|Any CPU.ActiveCfg = Release|Any CPU
		{16FBA06C-E7D1-400A-85BE-16E697F5B98A}.Release|Any CPU.Build.0 = Release|Any CPU
	EndGlobalSection
	GlobalSection(SolutionProperties) = preSolution
		HideSolutionNode = FALSE
	EndGlobalSection
	GlobalSection(ExtensibilityGlobals) = postSolution
		SolutionGuid = {D13E3946-0B6F-464D-9260-ADDA48DB3B4D}
	EndGlobalSection
EndGlobal
